// !$*UTF8*$!
{
	archiveVersion = 1;
	classes = {
	};
	objectVersion = 56;
	objects = {

/* Begin PBXBuildFile section */
		D21AA3872B513A7300362226 /* Tetris.swift in Sources */ = {isa = PBXBuildFile; fileRef = D21AA3862B513A7300362226 /* Tetris.swift */; };
		D22900EB2B45418600A9F88E /* Menu.sks in Resources */ = {isa = PBXBuildFile; fileRef = D22900EA2B45418600A9F88E /* Menu.sks */; };
		D22900ED2B4543CD00A9F88E /* Menu.swift in Sources */ = {isa = PBXBuildFile; fileRef = D22900EC2B4543CD00A9F88E /* Menu.swift */; };
		D22900EF2B454D3000A9F88E /* Scores.swift in Sources */ = {isa = PBXBuildFile; fileRef = D22900EE2B454D3000A9F88E /* Scores.swift */; };
		D22900F12B454E8C00A9F88E /* Scores.sks in Resources */ = {isa = PBXBuildFile; fileRef = D22900F02B454E8C00A9F88E /* Scores.sks */; };
		D22900F32B454FDD00A9F88E /* InputEvent.swift in Sources */ = {isa = PBXBuildFile; fileRef = D22900F22B454FDD00A9F88E /* InputEvent.swift */; };
		D22900F52B45534F00A9F88E /* Hiscore.swift in Sources */ = {isa = PBXBuildFile; fileRef = D22900F42B45534F00A9F88E /* Hiscore.swift */; };
		D22900F92B45871300A9F88E /* Settings.sks in Resources */ = {isa = PBXBuildFile; fileRef = D22900F82B45871300A9F88E /* Settings.sks */; };
		D22900FB2B45876300A9F88E /* Settings.swift in Sources */ = {isa = PBXBuildFile; fileRef = D22900FA2B45876300A9F88E /* Settings.swift */; };
		D22900FF2B45CD4300A9F88E /* Positive.aiff in Resources */ = {isa = PBXBuildFile; fileRef = D22900FE2B45CD4300A9F88E /* Positive.aiff */; };
		D22901012B45CF0600A9F88E /* Select.aiff in Resources */ = {isa = PBXBuildFile; fileRef = D22901002B45CF0600A9F88E /* Select.aiff */; };
		D22901032B45D00000A9F88E /* GameOver.aiff in Resources */ = {isa = PBXBuildFile; fileRef = D22901022B45D00000A9F88E /* GameOver.aiff */; };
		D22901052B45D19000A9F88E /* Negative.aiff in Resources */ = {isa = PBXBuildFile; fileRef = D22901042B45D19000A9F88E /* Negative.aiff */; };
		D229010D2B45FC9A00A9F88E /* QuadSuccess.aiff in Resources */ = {isa = PBXBuildFile; fileRef = D229010B2B45FC9A00A9F88E /* QuadSuccess.aiff */; };
		D229010E2B45FC9A00A9F88E /* Success.aiff in Resources */ = {isa = PBXBuildFile; fileRef = D229010C2B45FC9A00A9F88E /* Success.aiff */; };
		D22901102B462FAE00A9F88E /* RandomTetrominoShapeGenerator.swift in Sources */ = {isa = PBXBuildFile; fileRef = D229010F2B462FAE00A9F88E /* RandomTetrominoShapeGenerator.swift */; };
		D22901142B46379600A9F88E /* Shift.aiff in Resources */ = {isa = PBXBuildFile; fileRef = D22901132B46379600A9F88E /* Shift.aiff */; };
		D22901182B46B8D400A9F88E /* Korobeiniki.mp3 in Resources */ = {isa = PBXBuildFile; fileRef = D22901172B46B8D400A9F88E /* Korobeiniki.mp3 */; };
		D229011A2B46BB3B00A9F88E /* AudioPlayer.swift in Sources */ = {isa = PBXBuildFile; fileRef = D22901192B46BB3B00A9F88E /* AudioPlayer.swift */; };
		D229011C2B46C1B700A9F88E /* AudioPlayer+Fx.swift in Sources */ = {isa = PBXBuildFile; fileRef = D229011B2B46C1B700A9F88E /* AudioPlayer+Fx.swift */; };
		D229011E2B46EA9500A9F88E /* KeyCode.swift in Sources */ = {isa = PBXBuildFile; fileRef = D229011D2B46EA9500A9F88E /* KeyCode.swift */; };
		D22901202B47045700A9F88E /* UserDefaults+Settings.swift in Sources */ = {isa = PBXBuildFile; fileRef = D229011F2B47045700A9F88E /* UserDefaults+Settings.swift */; };
		D22901242B47D28400A9F88E /* Silver.ttf in Resources */ = {isa = PBXBuildFile; fileRef = D22901232B47D28400A9F88E /* Silver.ttf */; };
		D22901272B4828A600A9F88E /* OSLog+Categories.swift in Sources */ = {isa = PBXBuildFile; fileRef = D22901262B4828A600A9F88E /* OSLog+Categories.swift */; };
		D262DFC82B4DCC4900FDC801 /* Secrets.generated.swift in Sources */ = {isa = PBXBuildFile; fileRef = D262DFC72B4DCC4900FDC801 /* Secrets.generated.swift */; };
		D262DFCB2B4EBC3E00FDC801 /* GameConfiguration.swift in Sources */ = {isa = PBXBuildFile; fileRef = D262DFCA2B4EBC3E00FDC801 /* GameConfiguration.swift */; };
		D263AD492B54651900BC2B66 /* RadialGradient.fsh in Resources */ = {isa = PBXBuildFile; fileRef = D263AD482B54651900BC2B66 /* RadialGradient.fsh */; };
		D2D6EEDF2B49CABD008143D9 /* InputMapper.swift in Sources */ = {isa = PBXBuildFile; fileRef = D2D6EEDE2B49CABD008143D9 /* InputMapper.swift */; };
		D2D6EEE12B49DA25008143D9 /* UserDefaults+Codable.swift in Sources */ = {isa = PBXBuildFile; fileRef = D2D6EEE02B49DA25008143D9 /* UserDefaults+Codable.swift */; };
		D2D6EEE32B4A9323008143D9 /* SkScene+Transition.swift in Sources */ = {isa = PBXBuildFile; fileRef = D2D6EEE22B4A9323008143D9 /* SkScene+Transition.swift */; };
		D2D6EEE52B4A9A12008143D9 /* Rotate.aiff in Resources */ = {isa = PBXBuildFile; fileRef = D2D6EEE42B4A9A12008143D9 /* Rotate.aiff */; };
		D2D6EEE72B4AD8F3008143D9 /* Lock.aiff in Resources */ = {isa = PBXBuildFile; fileRef = D2D6EEE62B4AD8F3008143D9 /* Lock.aiff */; };
		D2D6EEEC2B4C4567008143D9 /* SceneBase.swift in Sources */ = {isa = PBXBuildFile; fileRef = D2D6EEEB2B4C4567008143D9 /* SceneBase.swift */; };
		D2FF089E2B43F65B00740390 /* AppDelegate.swift in Sources */ = {isa = PBXBuildFile; fileRef = D2FF089D2B43F65B00740390 /* AppDelegate.swift */; };
		D2FF08A02B43F65B00740390 /* Game.sks in Resources */ = {isa = PBXBuildFile; fileRef = D2FF089F2B43F65B00740390 /* Game.sks */; };
		D2FF08A42B43F65B00740390 /* Game.swift in Sources */ = {isa = PBXBuildFile; fileRef = D2FF08A32B43F65B00740390 /* Game.swift */; };
		D2FF08A62B43F65B00740390 /* ViewController.swift in Sources */ = {isa = PBXBuildFile; fileRef = D2FF08A52B43F65B00740390 /* ViewController.swift */; };
		D2FF08A82B43F65D00740390 /* Assets.xcassets in Resources */ = {isa = PBXBuildFile; fileRef = D2FF08A72B43F65D00740390 /* Assets.xcassets */; };
		D2FF08AB2B43F65D00740390 /* Main.storyboard in Resources */ = {isa = PBXBuildFile; fileRef = D2FF08A92B43F65D00740390 /* Main.storyboard */; };
		D2FF08B32B43F8C200740390 /* Tetromino.swift in Sources */ = {isa = PBXBuildFile; fileRef = D2FF08B22B43F8C200740390 /* Tetromino.swift */; };
		D2FF08B62B4402C200740390 /* TileSet.sks in Resources */ = {isa = PBXBuildFile; fileRef = D2FF08B42B4402C200740390 /* TileSet.sks */; };
		D2FF08B92B440B7F00740390 /* SKTileMap+Drawing.swift in Sources */ = {isa = PBXBuildFile; fileRef = D2FF08B82B440B7F00740390 /* SKTileMap+Drawing.swift */; };
/* End PBXBuildFile section */

/* Begin PBXFileReference section */
		D21AA3862B513A7300362226 /* Tetris.swift */ = {isa = PBXFileReference; lastKnownFileType = sourcecode.swift; path = Tetris.swift; sourceTree = "<group>"; };
		D22900EA2B45418600A9F88E /* Menu.sks */ = {isa = PBXFileReference; lastKnownFileType = file.sks; path = Menu.sks; sourceTree = "<group>"; };
		D22900EC2B4543CD00A9F88E /* Menu.swift */ = {isa = PBXFileReference; lastKnownFileType = sourcecode.swift; path = Menu.swift; sourceTree = "<group>"; };
		D22900EE2B454D3000A9F88E /* Scores.swift */ = {isa = PBXFileReference; lastKnownFileType = sourcecode.swift; path = Scores.swift; sourceTree = "<group>"; };
		D22900F02B454E8C00A9F88E /* Scores.sks */ = {isa = PBXFileReference; lastKnownFileType = file.sks; path = Scores.sks; sourceTree = "<group>"; };
		D22900F22B454FDD00A9F88E /* InputEvent.swift */ = {isa = PBXFileReference; lastKnownFileType = sourcecode.swift; path = InputEvent.swift; sourceTree = "<group>"; };
		D22900F42B45534F00A9F88E /* Hiscore.swift */ = {isa = PBXFileReference; lastKnownFileType = sourcecode.swift; path = Hiscore.swift; sourceTree = "<group>"; };
		D22900F82B45871300A9F88E /* Settings.sks */ = {isa = PBXFileReference; lastKnownFileType = file.sks; path = Settings.sks; sourceTree = "<group>"; };
		D22900FA2B45876300A9F88E /* Settings.swift */ = {isa = PBXFileReference; lastKnownFileType = sourcecode.swift; path = Settings.swift; sourceTree = "<group>"; };
		D22900FE2B45CD4300A9F88E /* Positive.aiff */ = {isa = PBXFileReference; lastKnownFileType = audio.aiff; path = Positive.aiff; sourceTree = "<group>"; };
		D22901002B45CF0600A9F88E /* Select.aiff */ = {isa = PBXFileReference; lastKnownFileType = audio.aiff; path = Select.aiff; sourceTree = "<group>"; };
		D22901022B45D00000A9F88E /* GameOver.aiff */ = {isa = PBXFileReference; lastKnownFileType = audio.aiff; path = GameOver.aiff; sourceTree = "<group>"; };
		D22901042B45D19000A9F88E /* Negative.aiff */ = {isa = PBXFileReference; lastKnownFileType = audio.aiff; path = Negative.aiff; sourceTree = "<group>"; };
		D22901072B45E7AE00A9F88E /* AppIcon.svg */ = {isa = PBXFileReference; fileEncoding = 4; lastKnownFileType = text.xml; path = AppIcon.svg; sourceTree = "<group>"; };
		D22901092B45F7C000A9F88E /* Box.svg */ = {isa = PBXFileReference; fileEncoding = 4; lastKnownFileType = text.xml; path = Box.svg; sourceTree = "<group>"; };
		D229010B2B45FC9A00A9F88E /* QuadSuccess.aiff */ = {isa = PBXFileReference; lastKnownFileType = audio.aiff; path = QuadSuccess.aiff; sourceTree = "<group>"; };
		D229010C2B45FC9A00A9F88E /* Success.aiff */ = {isa = PBXFileReference; lastKnownFileType = audio.aiff; path = Success.aiff; sourceTree = "<group>"; };
		D229010F2B462FAE00A9F88E /* RandomTetrominoShapeGenerator.swift */ = {isa = PBXFileReference; lastKnownFileType = sourcecode.swift; path = RandomTetrominoShapeGenerator.swift; sourceTree = "<group>"; };
		D22901132B46379600A9F88E /* Shift.aiff */ = {isa = PBXFileReference; lastKnownFileType = audio.aiff; path = Shift.aiff; sourceTree = "<group>"; };
		D22901172B46B8D400A9F88E /* Korobeiniki.mp3 */ = {isa = PBXFileReference; lastKnownFileType = audio.mp3; path = Korobeiniki.mp3; sourceTree = "<group>"; };
		D22901192B46BB3B00A9F88E /* AudioPlayer.swift */ = {isa = PBXFileReference; lastKnownFileType = sourcecode.swift; path = AudioPlayer.swift; sourceTree = "<group>"; };
		D229011B2B46C1B700A9F88E /* AudioPlayer+Fx.swift */ = {isa = PBXFileReference; lastKnownFileType = sourcecode.swift; path = "AudioPlayer+Fx.swift"; sourceTree = "<group>"; };
		D229011D2B46EA9500A9F88E /* KeyCode.swift */ = {isa = PBXFileReference; lastKnownFileType = sourcecode.swift; path = KeyCode.swift; sourceTree = "<group>"; };
		D229011F2B47045700A9F88E /* UserDefaults+Settings.swift */ = {isa = PBXFileReference; lastKnownFileType = sourcecode.swift; path = "UserDefaults+Settings.swift"; sourceTree = "<group>"; };
		D22901212B47346500A9F88E /* README.md */ = {isa = PBXFileReference; lastKnownFileType = net.daringfireball.markdown; path = README.md; sourceTree = "<group>"; };
		D22901222B47346500A9F88E /* LICENSE */ = {isa = PBXFileReference; lastKnownFileType = text; path = LICENSE; sourceTree = "<group>"; };
		D22901232B47D28400A9F88E /* Silver.ttf */ = {isa = PBXFileReference; lastKnownFileType = file; path = Silver.ttf; sourceTree = "<group>"; };
		D22901252B47D30800A9F88E /* Info.plist */ = {isa = PBXFileReference; lastKnownFileType = text.plist; path = Info.plist; sourceTree = "<group>"; };
		D22901262B4828A600A9F88E /* OSLog+Categories.swift */ = {isa = PBXFileReference; lastKnownFileType = sourcecode.swift; path = "OSLog+Categories.swift"; sourceTree = "<group>"; };
		D262DFC52B4DC66600FDC801 /* Secrets.xcconfig */ = {isa = PBXFileReference; lastKnownFileType = text.xcconfig; path = Secrets.xcconfig; sourceTree = "<group>"; };
		D262DFC62B4DC8BC00FDC801 /* Secrets.install.xcconfig */ = {isa = PBXFileReference; lastKnownFileType = text.xcconfig; path = Secrets.install.xcconfig; sourceTree = "<group>"; };
		D262DFC72B4DCC4900FDC801 /* Secrets.generated.swift */ = {isa = PBXFileReference; fileEncoding = 4; lastKnownFileType = sourcecode.swift; path = Secrets.generated.swift; sourceTree = "<group>"; };
		D262DFC92B4DEFEB00FDC801 /* InstallerBackground.svg */ = {isa = PBXFileReference; lastKnownFileType = text.xml; path = InstallerBackground.svg; sourceTree = "<group>"; };
		D262DFCA2B4EBC3E00FDC801 /* GameConfiguration.swift */ = {isa = PBXFileReference; lastKnownFileType = sourcecode.swift; path = GameConfiguration.swift; sourceTree = "<group>"; };
		D263AD482B54651900BC2B66 /* RadialGradient.fsh */ = {isa = PBXFileReference; lastKnownFileType = sourcecode.glsl; path = RadialGradient.fsh; sourceTree = "<group>"; };
		D26ED3972B44D7A1000FE86C /* .swiftlint.yml */ = {isa = PBXFileReference; fileEncoding = 4; lastKnownFileType = text.yaml; path = .swiftlint.yml; sourceTree = "<group>"; };
		D26ED3982B44D7A1000FE86C /* .gitignore */ = {isa = PBXFileReference; fileEncoding = 4; lastKnownFileType = text; path = .gitignore; sourceTree = "<group>"; };
		D2D6EEDE2B49CABD008143D9 /* InputMapper.swift */ = {isa = PBXFileReference; lastKnownFileType = sourcecode.swift; path = InputMapper.swift; sourceTree = "<group>"; };
		D2D6EEE02B49DA25008143D9 /* UserDefaults+Codable.swift */ = {isa = PBXFileReference; lastKnownFileType = sourcecode.swift; path = "UserDefaults+Codable.swift"; sourceTree = "<group>"; };
		D2D6EEE22B4A9323008143D9 /* SkScene+Transition.swift */ = {isa = PBXFileReference; lastKnownFileType = sourcecode.swift; path = "SkScene+Transition.swift"; sourceTree = "<group>"; };
		D2D6EEE42B4A9A12008143D9 /* Rotate.aiff */ = {isa = PBXFileReference; lastKnownFileType = audio.aiff; path = Rotate.aiff; sourceTree = "<group>"; };
		D2D6EEE62B4AD8F3008143D9 /* Lock.aiff */ = {isa = PBXFileReference; lastKnownFileType = audio.aiff; path = Lock.aiff; sourceTree = "<group>"; };
		D2D6EEEB2B4C4567008143D9 /* SceneBase.swift */ = {isa = PBXFileReference; lastKnownFileType = sourcecode.swift; path = SceneBase.swift; sourceTree = "<group>"; };
		D2FF089A2B43F65B00740390 /* MacTris.app */ = {isa = PBXFileReference; explicitFileType = wrapper.application; includeInIndex = 0; path = MacTris.app; sourceTree = BUILT_PRODUCTS_DIR; };
		D2FF089D2B43F65B00740390 /* AppDelegate.swift */ = {isa = PBXFileReference; lastKnownFileType = sourcecode.swift; path = AppDelegate.swift; sourceTree = "<group>"; };
		D2FF089F2B43F65B00740390 /* Game.sks */ = {isa = PBXFileReference; lastKnownFileType = file.sks; path = Game.sks; sourceTree = "<group>"; };
		D2FF08A32B43F65B00740390 /* Game.swift */ = {isa = PBXFileReference; lastKnownFileType = sourcecode.swift; path = Game.swift; sourceTree = "<group>"; };
		D2FF08A52B43F65B00740390 /* ViewController.swift */ = {isa = PBXFileReference; lastKnownFileType = sourcecode.swift; path = ViewController.swift; sourceTree = "<group>"; };
		D2FF08A72B43F65D00740390 /* Assets.xcassets */ = {isa = PBXFileReference; lastKnownFileType = folder.assetcatalog; path = Assets.xcassets; sourceTree = "<group>"; };
		D2FF08AA2B43F65D00740390 /* Base */ = {isa = PBXFileReference; lastKnownFileType = file.storyboard; name = Base; path = Base.lproj/Main.storyboard; sourceTree = "<group>"; };
		D2FF08AC2B43F65D00740390 /* MacTris.entitlements */ = {isa = PBXFileReference; lastKnownFileType = text.plist.entitlements; path = MacTris.entitlements; sourceTree = "<group>"; };
		D2FF08B22B43F8C200740390 /* Tetromino.swift */ = {isa = PBXFileReference; lastKnownFileType = sourcecode.swift; path = Tetromino.swift; sourceTree = "<group>"; };
		D2FF08B42B4402C200740390 /* TileSet.sks */ = {isa = PBXFileReference; lastKnownFileType = file.sks; path = TileSet.sks; sourceTree = "<group>"; };
		D2FF08B82B440B7F00740390 /* SKTileMap+Drawing.swift */ = {isa = PBXFileReference; lastKnownFileType = sourcecode.swift; path = "SKTileMap+Drawing.swift"; sourceTree = "<group>"; };
/* End PBXFileReference section */

/* Begin PBXFrameworksBuildPhase section */
		D2FF08972B43F65B00740390 /* Frameworks */ = {
			isa = PBXFrameworksBuildPhase;
			buildActionMask = 2147483647;
			files = (
			);
			runOnlyForDeploymentPostprocessing = 0;
		};
/* End PBXFrameworksBuildPhase section */

/* Begin PBXGroup section */
		D22901062B45E7A300A9F88E /* Assets */ = {
			isa = PBXGroup;
			children = (
				D262DFC92B4DEFEB00FDC801 /* InstallerBackground.svg */,
				D22901092B45F7C000A9F88E /* Box.svg */,
				D22901072B45E7AE00A9F88E /* AppIcon.svg */,
			);
			path = Assets;
			sourceTree = "<group>";
		};
		D26ED3A22B4538BE000FE86C /* Scenes */ = {
			isa = PBXGroup;
			children = (
				D2D6EEEB2B4C4567008143D9 /* SceneBase.swift */,
				D22900F82B45871300A9F88E /* Settings.sks */,
				D22900FA2B45876300A9F88E /* Settings.swift */,
				D22900EA2B45418600A9F88E /* Menu.sks */,
				D22900EC2B4543CD00A9F88E /* Menu.swift */,
				D2FF089F2B43F65B00740390 /* Game.sks */,
				D2FF08A32B43F65B00740390 /* Game.swift */,
				D22900F02B454E8C00A9F88E /* Scores.sks */,
				D22900EE2B454D3000A9F88E /* Scores.swift */,
			);
			path = Scenes;
			sourceTree = "<group>";
		};
		D26ED3A32B4538CC000FE86C /* Extensions */ = {
			isa = PBXGroup;
			children = (
				D2FF08B82B440B7F00740390 /* SKTileMap+Drawing.swift */,
				D229011B2B46C1B700A9F88E /* AudioPlayer+Fx.swift */,
				D229011F2B47045700A9F88E /* UserDefaults+Settings.swift */,
				D2D6EEE02B49DA25008143D9 /* UserDefaults+Codable.swift */,
				D22901262B4828A600A9F88E /* OSLog+Categories.swift */,
				D2D6EEE22B4A9323008143D9 /* SkScene+Transition.swift */,
			);
			path = Extensions;
			sourceTree = "<group>";
		};
		D26ED3A42B4538DC000FE86C /* Backend */ = {
			isa = PBXGroup;
			children = (
				D262DFC72B4DCC4900FDC801 /* Secrets.generated.swift */,
				D2FF08B22B43F8C200740390 /* Tetromino.swift */,
				D22900F22B454FDD00A9F88E /* InputEvent.swift */,
				D22900F42B45534F00A9F88E /* Hiscore.swift */,
				D229010F2B462FAE00A9F88E /* RandomTetrominoShapeGenerator.swift */,
				D22901192B46BB3B00A9F88E /* AudioPlayer.swift */,
				D229011D2B46EA9500A9F88E /* KeyCode.swift */,
				D2D6EEDE2B49CABD008143D9 /* InputMapper.swift */,
				D262DFCA2B4EBC3E00FDC801 /* GameConfiguration.swift */,
				D21AA3862B513A7300362226 /* Tetris.swift */,
			);
			path = Backend;
			sourceTree = "<group>";
		};
		D2D6EEE82B4BD82E008143D9 /* Resources */ = {
			isa = PBXGroup;
			children = (
				D2FF08A72B43F65D00740390 /* Assets.xcassets */,
				D22901232B47D28400A9F88E /* Silver.ttf */,
				D2D6EEE62B4AD8F3008143D9 /* Lock.aiff */,
				D2D6EEE42B4A9A12008143D9 /* Rotate.aiff */,
				D22901172B46B8D400A9F88E /* Korobeiniki.mp3 */,
				D22901132B46379600A9F88E /* Shift.aiff */,
				D229010B2B45FC9A00A9F88E /* QuadSuccess.aiff */,
				D229010C2B45FC9A00A9F88E /* Success.aiff */,
				D22901042B45D19000A9F88E /* Negative.aiff */,
				D22900FE2B45CD4300A9F88E /* Positive.aiff */,
				D22901002B45CF0600A9F88E /* Select.aiff */,
				D22901022B45D00000A9F88E /* GameOver.aiff */,
				D2FF08B42B4402C200740390 /* TileSet.sks */,
				D2FF08A92B43F65D00740390 /* Main.storyboard */,
				D263AD482B54651900BC2B66 /* RadialGradient.fsh */,
			);
			path = Resources;
			sourceTree = "<group>";
		};
		D2FF08912B43F65B00740390 = {
			isa = PBXGroup;
			children = (
				D22901222B47346500A9F88E /* LICENSE */,
				D22901212B47346500A9F88E /* README.md */,
				D26ED3982B44D7A1000FE86C /* .gitignore */,
				D26ED3972B44D7A1000FE86C /* .swiftlint.yml */,
				D22901062B45E7A300A9F88E /* Assets */,
				D2FF089C2B43F65B00740390 /* MacTris */,
				D2FF089B2B43F65B00740390 /* Products */,
			);
			sourceTree = "<group>";
		};
		D2FF089B2B43F65B00740390 /* Products */ = {
			isa = PBXGroup;
			children = (
				D2FF089A2B43F65B00740390 /* MacTris.app */,
			);
			name = Products;
			sourceTree = "<group>";
		};
		D2FF089C2B43F65B00740390 /* MacTris */ = {
			isa = PBXGroup;
			children = (
				D26ED3A42B4538DC000FE86C /* Backend */,
				D26ED3A22B4538BE000FE86C /* Scenes */,
				D26ED3A32B4538CC000FE86C /* Extensions */,
				D2D6EEE82B4BD82E008143D9 /* Resources */,
				D22901252B47D30800A9F88E /* Info.plist */,
				D2FF089D2B43F65B00740390 /* AppDelegate.swift */,
				D2FF08A52B43F65B00740390 /* ViewController.swift */,
				D2FF08AC2B43F65D00740390 /* MacTris.entitlements */,
				D262DFC52B4DC66600FDC801 /* Secrets.xcconfig */,
				D262DFC62B4DC8BC00FDC801 /* Secrets.install.xcconfig */,
			);
			path = MacTris;
			sourceTree = "<group>";
		};
/* End PBXGroup section */

/* Begin PBXNativeTarget section */
		D2FF08992B43F65B00740390 /* MacTris */ = {
			isa = PBXNativeTarget;
			buildConfigurationList = D2FF08AF2B43F65D00740390 /* Build configuration list for PBXNativeTarget "MacTris" */;
			buildPhases = (
				D26ED39B2B44D7BE000FE86C /* Swiftlint */,
				D262DFC42B4DC5F200FDC801 /* Embed Secrets */,
				D2FF08962B43F65B00740390 /* Sources */,
				D2FF08972B43F65B00740390 /* Frameworks */,
				D2FF08982B43F65B00740390 /* Resources */,
			);
			buildRules = (
			);
			dependencies = (
			);
			name = MacTris;
			productName = Mactris;
			productReference = D2FF089A2B43F65B00740390 /* MacTris.app */;
			productType = "com.apple.product-type.application";
		};
/* End PBXNativeTarget section */

/* Begin PBXProject section */
		D2FF08922B43F65B00740390 /* Project object */ = {
			isa = PBXProject;
			attributes = {
				BuildIndependentTargetsInParallel = 1;
				LastSwiftUpdateCheck = 1510;
				LastUpgradeCheck = 1520;
				TargetAttributes = {
					D2FF08992B43F65B00740390 = {
						CreatedOnToolsVersion = 15.1;
					};
				};
			};
			buildConfigurationList = D2FF08952B43F65B00740390 /* Build configuration list for PBXProject "MacTris" */;
			compatibilityVersion = "Xcode 14.0";
			developmentRegion = en;
			hasScannedForEncodings = 0;
			knownRegions = (
				en,
				Base,
			);
			mainGroup = D2FF08912B43F65B00740390;
			productRefGroup = D2FF089B2B43F65B00740390 /* Products */;
			projectDirPath = "";
			projectRoot = "";
			targets = (
				D2FF08992B43F65B00740390 /* MacTris */,
			);
		};
/* End PBXProject section */

/* Begin PBXResourcesBuildPhase section */
		D2FF08982B43F65B00740390 /* Resources */ = {
			isa = PBXResourcesBuildPhase;
			buildActionMask = 2147483647;
			files = (
				D22900F12B454E8C00A9F88E /* Scores.sks in Resources */,
				D22900FF2B45CD4300A9F88E /* Positive.aiff in Resources */,
				D22901052B45D19000A9F88E /* Negative.aiff in Resources */,
				D22901142B46379600A9F88E /* Shift.aiff in Resources */,
				D22900F92B45871300A9F88E /* Settings.sks in Resources */,
				D2FF08A02B43F65B00740390 /* Game.sks in Resources */,
				D22901182B46B8D400A9F88E /* Korobeiniki.mp3 in Resources */,
				D2D6EEE52B4A9A12008143D9 /* Rotate.aiff in Resources */,
				D22901012B45CF0600A9F88E /* Select.aiff in Resources */,
				D2FF08B62B4402C200740390 /* TileSet.sks in Resources */,
				D22901032B45D00000A9F88E /* GameOver.aiff in Resources */,
				D229010D2B45FC9A00A9F88E /* QuadSuccess.aiff in Resources */,
				D22901242B47D28400A9F88E /* Silver.ttf in Resources */,
				D229010E2B45FC9A00A9F88E /* Success.aiff in Resources */,
				D2D6EEE72B4AD8F3008143D9 /* Lock.aiff in Resources */,
				D2FF08A82B43F65D00740390 /* Assets.xcassets in Resources */,
				D263AD492B54651900BC2B66 /* RadialGradient.fsh in Resources */,
				D2FF08AB2B43F65D00740390 /* Main.storyboard in Resources */,
				D22900EB2B45418600A9F88E /* Menu.sks in Resources */,
			);
			runOnlyForDeploymentPostprocessing = 0;
		};
/* End PBXResourcesBuildPhase section */

/* Begin PBXShellScriptBuildPhase section */
		D262DFC42B4DC5F200FDC801 /* Embed Secrets */ = {
			isa = PBXShellScriptBuildPhase;
			alwaysOutOfDate = 1;
			buildActionMask = 2147483647;
			files = (
			);
			inputFileListPaths = (
			);
			inputPaths = (
				"${SRCROOT}/MacTris/secret.xcconfig",
			);
			name = "Embed Secrets";
			outputFileListPaths = (
			);
			outputPaths = (
				"${SRCROOT}/MacTris/Backend/Secret.generated.swift",
			);
			runOnlyForDeploymentPostprocessing = 0;
			shellPath = /bin/sh;
			shellScript = "if [ $ACTION = \"indexbuild\" ]; then exit 0; fi\n\nxcconfig_file=\"${SRCROOT}/MacTris/Secrets.$ACTION.xcconfig\"\nswift_file=\"${SRCROOT}/MacTris/Backend/Secrets.generated.swift\"\n\nif ! [ -f \"$xcconfig_file\" ]; then\n    echo \"The file '$xcconfig_file' does not exist, trying fallback.\"\n    xcconfig_file=\"${SRCROOT}/MacTris/Secrets.xcconfig\"    \n    if ! [ -f \"$xcconfig_file\" ]; then\n        echo \"The file '$xcconfig_file' does not exist, bailing out.\"\n        exit  1;\n    fi\nfi\n\necho \"struct Secrets {\" > \"$swift_file\"\n\nwhile IFS= read -r line; do\n\n    if [[ \"$line\" =~ ^\\s*// ]] || [[ -z \"$line\" ]]; then\n        continue\n    fi\n\n    var_name=\"$(echo \"$line\" | cut -d'=' -f1 | sed 's/ //g')\"\n    var_value=\"$(echo \"$line\" | cut -d'=' -f2- | sed 's/^ *//;s/ *$//')\"\n   \n    echo \"    static let $var_name: String = \\\"$var_value\\\"\" >> \"$swift_file\"\n\ndone < \"$xcconfig_file\"\n\necho \"}\" >> \"$swift_file\"\n\necho \"Successfully generated $swift_file\" \n";
		};
		D26ED39B2B44D7BE000FE86C /* Swiftlint */ = {
			isa = PBXShellScriptBuildPhase;
			alwaysOutOfDate = 1;
			buildActionMask = 2147483647;
			files = (
			);
			inputFileListPaths = (
			);
			inputPaths = (
				"$(SRCROOT)/.swiftlint.yml",
			);
			name = Swiftlint;
			outputFileListPaths = (
			);
			outputPaths = (
			);
			runOnlyForDeploymentPostprocessing = 0;
			shellPath = /bin/sh;
			shellScript = "if [[ \"$(uname -m)\" == arm64 ]]; then\n    export PATH=\"/opt/homebrew/bin:$PATH\"\nfi\n\nif which swiftlint > /dev/null; then\n  swiftlint\nelse\n  echo \"warning: SwiftLint not installed, download from https://github.com/realm/SwiftLint\"\nfi\n";
		};
/* End PBXShellScriptBuildPhase section */

/* Begin PBXSourcesBuildPhase section */
		D2FF08962B43F65B00740390 /* Sources */ = {
			isa = PBXSourcesBuildPhase;
			buildActionMask = 2147483647;
			files = (
				D2FF08A62B43F65B00740390 /* ViewController.swift in Sources */,
				D22900F52B45534F00A9F88E /* Hiscore.swift in Sources */,
				D21AA3872B513A7300362226 /* Tetris.swift in Sources */,
				D22901102B462FAE00A9F88E /* RandomTetrominoShapeGenerator.swift in Sources */,
				D2D6EEE32B4A9323008143D9 /* SkScene+Transition.swift in Sources */,
				D2D6EEEC2B4C4567008143D9 /* SceneBase.swift in Sources */,
				D22900EF2B454D3000A9F88E /* Scores.swift in Sources */,
				D262DFC82B4DCC4900FDC801 /* Secrets.generated.swift in Sources */,
				D229011C2B46C1B700A9F88E /* AudioPlayer+Fx.swift in Sources */,
				D22901202B47045700A9F88E /* UserDefaults+Settings.swift in Sources */,
				D22901272B4828A600A9F88E /* OSLog+Categories.swift in Sources */,
				D2FF08A42B43F65B00740390 /* Game.swift in Sources */,
				D22900FB2B45876300A9F88E /* Settings.swift in Sources */,
				D22900F32B454FDD00A9F88E /* InputEvent.swift in Sources */,
				D229011E2B46EA9500A9F88E /* KeyCode.swift in Sources */,
				D262DFCB2B4EBC3E00FDC801 /* GameConfiguration.swift in Sources */,
				D2FF089E2B43F65B00740390 /* AppDelegate.swift in Sources */,
				D22900ED2B4543CD00A9F88E /* Menu.swift in Sources */,
				D2D6EEE12B49DA25008143D9 /* UserDefaults+Codable.swift in Sources */,
				D2D6EEDF2B49CABD008143D9 /* InputMapper.swift in Sources */,
				D2FF08B92B440B7F00740390 /* SKTileMap+Drawing.swift in Sources */,
				D2FF08B32B43F8C200740390 /* Tetromino.swift in Sources */,
				D229011A2B46BB3B00A9F88E /* AudioPlayer.swift in Sources */,
			);
			runOnlyForDeploymentPostprocessing = 0;
		};
/* End PBXSourcesBuildPhase section */

/* Begin PBXVariantGroup section */
		D2FF08A92B43F65D00740390 /* Main.storyboard */ = {
			isa = PBXVariantGroup;
			children = (
				D2FF08AA2B43F65D00740390 /* Base */,
			);
			name = Main.storyboard;
			sourceTree = "<group>";
		};
/* End PBXVariantGroup section */

/* Begin XCBuildConfiguration section */
		D2FF08AD2B43F65D00740390 /* Debug */ = {
			isa = XCBuildConfiguration;
			buildSettings = {
				ALWAYS_SEARCH_USER_PATHS = NO;
				ASSETCATALOG_COMPILER_GENERATE_SWIFT_ASSET_SYMBOL_EXTENSIONS = YES;
				CLANG_ANALYZER_NONNULL = YES;
				CLANG_ANALYZER_NUMBER_OBJECT_CONVERSION = YES_AGGRESSIVE;
				CLANG_CXX_LANGUAGE_STANDARD = "gnu++20";
				CLANG_ENABLE_MODULES = YES;
				CLANG_ENABLE_OBJC_ARC = YES;
				CLANG_ENABLE_OBJC_WEAK = YES;
				CLANG_WARN_BLOCK_CAPTURE_AUTORELEASING = YES;
				CLANG_WARN_BOOL_CONVERSION = YES;
				CLANG_WARN_COMMA = YES;
				CLANG_WARN_CONSTANT_CONVERSION = YES;
				CLANG_WARN_DEPRECATED_OBJC_IMPLEMENTATIONS = YES;
				CLANG_WARN_DIRECT_OBJC_ISA_USAGE = YES_ERROR;
				CLANG_WARN_DOCUMENTATION_COMMENTS = YES;
				CLANG_WARN_EMPTY_BODY = YES;
				CLANG_WARN_ENUM_CONVERSION = YES;
				CLANG_WARN_INFINITE_RECURSION = YES;
				CLANG_WARN_INT_CONVERSION = YES;
				CLANG_WARN_NON_LITERAL_NULL_CONVERSION = YES;
				CLANG_WARN_OBJC_IMPLICIT_RETAIN_SELF = YES;
				CLANG_WARN_OBJC_LITERAL_CONVERSION = YES;
				CLANG_WARN_OBJC_ROOT_CLASS = YES_ERROR;
				CLANG_WARN_QUOTED_INCLUDE_IN_FRAMEWORK_HEADER = YES;
				CLANG_WARN_RANGE_LOOP_ANALYSIS = YES;
				CLANG_WARN_STRICT_PROTOTYPES = YES;
				CLANG_WARN_SUSPICIOUS_MOVE = YES;
				CLANG_WARN_UNGUARDED_AVAILABILITY = YES_AGGRESSIVE;
				CLANG_WARN_UNREACHABLE_CODE = YES;
				CLANG_WARN__DUPLICATE_METHOD_MATCH = YES;
				COPY_PHASE_STRIP = NO;
				DEAD_CODE_STRIPPING = YES;
				DEBUG_INFORMATION_FORMAT = dwarf;
				ENABLE_STRICT_OBJC_MSGSEND = YES;
				ENABLE_TESTABILITY = YES;
				ENABLE_USER_SCRIPT_SANDBOXING = YES;
				GCC_C_LANGUAGE_STANDARD = gnu17;
				GCC_DYNAMIC_NO_PIC = NO;
				GCC_NO_COMMON_BLOCKS = YES;
				GCC_OPTIMIZATION_LEVEL = 0;
				GCC_PREPROCESSOR_DEFINITIONS = (
					"DEBUG=1",
					"$(inherited)",
				);
				GCC_WARN_64_TO_32_BIT_CONVERSION = YES;
				GCC_WARN_ABOUT_RETURN_TYPE = YES_ERROR;
				GCC_WARN_UNDECLARED_SELECTOR = YES;
				GCC_WARN_UNINITIALIZED_AUTOS = YES_AGGRESSIVE;
				GCC_WARN_UNUSED_FUNCTION = YES;
				GCC_WARN_UNUSED_VARIABLE = YES;
				LOCALIZATION_PREFERS_STRING_CATALOGS = YES;
				MACOSX_DEPLOYMENT_TARGET = 14.5;
				MTL_ENABLE_DEBUG_INFO = INCLUDE_SOURCE;
				MTL_FAST_MATH = YES;
				ONLY_ACTIVE_ARCH = YES;
				SDKROOT = macosx;
				SWIFT_ACTIVE_COMPILATION_CONDITIONS = "DEBUG $(inherited)";
				SWIFT_OPTIMIZATION_LEVEL = "-Onone";
			};
			name = Debug;
		};
		D2FF08AE2B43F65D00740390 /* Release */ = {
			isa = XCBuildConfiguration;
			buildSettings = {
				ALWAYS_SEARCH_USER_PATHS = NO;
				ASSETCATALOG_COMPILER_GENERATE_SWIFT_ASSET_SYMBOL_EXTENSIONS = YES;
				CLANG_ANALYZER_NONNULL = YES;
				CLANG_ANALYZER_NUMBER_OBJECT_CONVERSION = YES_AGGRESSIVE;
				CLANG_CXX_LANGUAGE_STANDARD = "gnu++20";
				CLANG_ENABLE_MODULES = YES;
				CLANG_ENABLE_OBJC_ARC = YES;
				CLANG_ENABLE_OBJC_WEAK = YES;
				CLANG_WARN_BLOCK_CAPTURE_AUTORELEASING = YES;
				CLANG_WARN_BOOL_CONVERSION = YES;
				CLANG_WARN_COMMA = YES;
				CLANG_WARN_CONSTANT_CONVERSION = YES;
				CLANG_WARN_DEPRECATED_OBJC_IMPLEMENTATIONS = YES;
				CLANG_WARN_DIRECT_OBJC_ISA_USAGE = YES_ERROR;
				CLANG_WARN_DOCUMENTATION_COMMENTS = YES;
				CLANG_WARN_EMPTY_BODY = YES;
				CLANG_WARN_ENUM_CONVERSION = YES;
				CLANG_WARN_INFINITE_RECURSION = YES;
				CLANG_WARN_INT_CONVERSION = YES;
				CLANG_WARN_NON_LITERAL_NULL_CONVERSION = YES;
				CLANG_WARN_OBJC_IMPLICIT_RETAIN_SELF = YES;
				CLANG_WARN_OBJC_LITERAL_CONVERSION = YES;
				CLANG_WARN_OBJC_ROOT_CLASS = YES_ERROR;
				CLANG_WARN_QUOTED_INCLUDE_IN_FRAMEWORK_HEADER = YES;
				CLANG_WARN_RANGE_LOOP_ANALYSIS = YES;
				CLANG_WARN_STRICT_PROTOTYPES = YES;
				CLANG_WARN_SUSPICIOUS_MOVE = YES;
				CLANG_WARN_UNGUARDED_AVAILABILITY = YES_AGGRESSIVE;
				CLANG_WARN_UNREACHABLE_CODE = YES;
				CLANG_WARN__DUPLICATE_METHOD_MATCH = YES;
				COPY_PHASE_STRIP = NO;
				DEAD_CODE_STRIPPING = YES;
				DEBUG_INFORMATION_FORMAT = "dwarf-with-dsym";
				ENABLE_NS_ASSERTIONS = NO;
				ENABLE_STRICT_OBJC_MSGSEND = YES;
				ENABLE_USER_SCRIPT_SANDBOXING = YES;
				GCC_C_LANGUAGE_STANDARD = gnu17;
				GCC_NO_COMMON_BLOCKS = YES;
				GCC_WARN_64_TO_32_BIT_CONVERSION = YES;
				GCC_WARN_ABOUT_RETURN_TYPE = YES_ERROR;
				GCC_WARN_UNDECLARED_SELECTOR = YES;
				GCC_WARN_UNINITIALIZED_AUTOS = YES_AGGRESSIVE;
				GCC_WARN_UNUSED_FUNCTION = YES;
				GCC_WARN_UNUSED_VARIABLE = YES;
				LOCALIZATION_PREFERS_STRING_CATALOGS = YES;
				MACOSX_DEPLOYMENT_TARGET = 14.5;
				MTL_ENABLE_DEBUG_INFO = NO;
				MTL_FAST_MATH = YES;
				SDKROOT = macosx;
				SWIFT_COMPILATION_MODE = wholemodule;
			};
			name = Release;
		};
		D2FF08B02B43F65D00740390 /* Debug */ = {
			isa = XCBuildConfiguration;
			buildSettings = {
				ASSETCATALOG_COMPILER_APPICON_NAME = AppIcon;
				ASSETCATALOG_COMPILER_GLOBAL_ACCENT_COLOR_NAME = AccentColor;
				ASSETCATALOG_COMPILER_INCLUDE_ALL_APPICON_ASSETS = YES;
				CODE_SIGN_ENTITLEMENTS = MacTris/MacTris.entitlements;
				CODE_SIGN_IDENTITY = "Apple Development";
				CODE_SIGN_STYLE = Automatic;
				COMBINE_HIDPI_IMAGES = YES;
				CURRENT_PROJECT_VERSION = 6;
				DEAD_CODE_STRIPPING = YES;
				DEVELOPMENT_TEAM = 8D7C67CAFE;
				ENABLE_HARDENED_RUNTIME = YES;
				ENABLE_USER_SCRIPT_SANDBOXING = NO;
				GENERATE_INFOPLIST_FILE = YES;
				INFOPLIST_FILE = MacTris/Info.plist;
				INFOPLIST_KEY_CFBundleDisplayName = MacTris;
				INFOPLIST_KEY_LSApplicationCategoryType = "public.app-category.puzzle-games";
				INFOPLIST_KEY_NSHumanReadableCopyright = "";
				INFOPLIST_KEY_NSMainStoryboardFile = Main;
				INFOPLIST_KEY_NSPrincipalClass = NSApplication;
				LD_RUNPATH_SEARCH_PATHS = (
					"$(inherited)",
					"@executable_path/../Frameworks",
				);
				MACOSX_DEPLOYMENT_TARGET = 11.5;
				MARKETING_VERSION = 1.2;
				PRODUCT_BUNDLE_IDENTIFIER = com.realvirtuality.MacTris;
				PRODUCT_NAME = "$(TARGET_NAME)";
				PROVISIONING_PROFILE_SPECIFIER = "";
				SWIFT_EMIT_LOC_STRINGS = YES;
				SWIFT_VERSION = 5.0;
			};
			name = Debug;
		};
		D2FF08B12B43F65D00740390 /* Release */ = {
			isa = XCBuildConfiguration;
			buildSettings = {
				ASSETCATALOG_COMPILER_APPICON_NAME = AppIcon;
				ASSETCATALOG_COMPILER_GLOBAL_ACCENT_COLOR_NAME = AccentColor;
				ASSETCATALOG_COMPILER_INCLUDE_ALL_APPICON_ASSETS = YES;
				CODE_SIGN_ENTITLEMENTS = MacTris/MacTris.entitlements;
				CODE_SIGN_IDENTITY = "Apple Development";
				CODE_SIGN_STYLE = Automatic;
				COMBINE_HIDPI_IMAGES = YES;
				CURRENT_PROJECT_VERSION = 6;
				DEAD_CODE_STRIPPING = YES;
				DEVELOPMENT_TEAM = 8D7C67CAFE;
				ENABLE_HARDENED_RUNTIME = YES;
				ENABLE_USER_SCRIPT_SANDBOXING = NO;
				GENERATE_INFOPLIST_FILE = YES;
				INFOPLIST_FILE = MacTris/Info.plist;
				INFOPLIST_KEY_CFBundleDisplayName = MacTris;
				INFOPLIST_KEY_LSApplicationCategoryType = "public.app-category.puzzle-games";
				INFOPLIST_KEY_NSHumanReadableCopyright = "";
				INFOPLIST_KEY_NSMainStoryboardFile = Main;
				INFOPLIST_KEY_NSPrincipalClass = NSApplication;
				LD_RUNPATH_SEARCH_PATHS = (
					"$(inherited)",
					"@executable_path/../Frameworks",
				);
				MACOSX_DEPLOYMENT_TARGET = 11.5;
				MARKETING_VERSION = 1.2;
				PRODUCT_BUNDLE_IDENTIFIER = com.realvirtuality.MacTris;
				PRODUCT_NAME = "$(TARGET_NAME)";
				PROVISIONING_PROFILE_SPECIFIER = "";
				SWIFT_EMIT_LOC_STRINGS = YES;
				SWIFT_VERSION = 5.0;
			};
			name = Release;
		};
/* End XCBuildConfiguration section */

/* Begin XCConfigurationList section */
		D2FF08952B43F65B00740390 /* Build configuration list for PBXProject "MacTris" */ = {
			isa = XCConfigurationList;
			buildConfigurations = (
				D2FF08AD2B43F65D00740390 /* Debug */,
				D2FF08AE2B43F65D00740390 /* Release */,
			);
			defaultConfigurationIsVisible = 0;
			defaultConfigurationName = Release;
		};
		D2FF08AF2B43F65D00740390 /* Build configuration list for PBXNativeTarget "MacTris" */ = {
			isa = XCConfigurationList;
			buildConfigurations = (
				D2FF08B02B43F65D00740390 /* Debug */,
				D2FF08B12B43F65D00740390 /* Release */,
			);
			defaultConfigurationIsVisible = 0;
			defaultConfigurationName = Release;
		};
/* End XCConfigurationList section */
	};
	rootObject = D2FF08922B43F65B00740390 /* Project object */;
}
